
Microsoft Visual Studio Solution File, Format Version 12.00
# Visual Studio Version 17
VisualStudioVersion = 17.1.32319.34
MinimumVisualStudioVersion = 10.0.40219.1
Project("{FAE04EC0-301F-11D3-BF4B-00C04F79EFBC}") = "BatatinhaSignalR", "BatatinhaSignalR.csproj", "{48A05306-CE1F-40E7-8FE6-0BF30F1C014A}"
EndProject
Global
	GlobalSection(SolutionConfigurationPlatforms) = preSolution
		Debug|Any CPU = Debug|Any CPU
		Release|Any CPU = Release|Any CPU
	EndGlobalSection
	GlobalSection(ProjectConfigurationPlatforms) = postSolution
		{48A05306-CE1F-40E7-8FE6-0BF30F1C014A}.Debug|Any CPU.ActiveCfg = Debug|Any CPU
		{48A05306-CE1F-40E7-8FE6-0BF30F1C014A}.Debug|Any CPU.Build.0 = Debug|Any CPU
		{48A05306-CE1F-40E7-8FE6-0BF30F1C014A}.Release|Any CPU.ActiveCfg = Release|Any CPU
		{48A05306-CE1F-40E7-8FE6-0BF30F1C014A}.Release|Any CPU.Build.0 = Release|Any CPU
	EndGlobalSection
	GlobalSection(SolutionProperties) = preSolution
		HideSolutionNode = FALSE
	EndGlobalSection
	GlobalSection(ExtensibilityGlobals) = postSolution
		SolutionGuid = {8A73E514-EFE3-4E9F-9E8B-174AB91E2699}
	EndGlobalSection
EndGlobal
